
Microsoft Visual Studio Solution File, Format Version 12.00
# Visual Studio 15
VisualStudioVersion = 15.0.27130.2010
MinimumVisualStudioVersion = 10.0.40219.1
Project("{FAE04EC0-301F-11D3-BF4B-00C04F79EFBC}") = "WallUserMicroService", "WallUserMicroService\WallUserMicroService.csproj", "{7F580FC4-22BF-4FA8-8EE7-B57421EAD50A}"
EndProject
Project("{FAE04EC0-301F-11D3-BF4B-00C04F79EFBC}") = "WallUserMicroService.Tests", "WallUserMicroService.Tests\WallUserMicroService.Tests.csproj", "{D655FEFA-8728-4125-91C1-D02BEE3907FA}"
EndProject
Project("{FAE04EC0-301F-11D3-BF4B-00C04F79EFBC}") = "URISUtil", "..\URISUtil\URISUtil\URISUtil.csproj", "{3DC6A668-783B-4D14-A8B8-2FB1C718F78D}"
EndProject
Global
	GlobalSection(SolutionConfigurationPlatforms) = preSolution
		Debug|Any CPU = Debug|Any CPU
		Release|Any CPU = Release|Any CPU
	EndGlobalSection
	GlobalSection(ProjectConfigurationPlatforms) = postSolution
		{7F580FC4-22BF-4FA8-8EE7-B57421EAD50A}.Debug|Any CPU.ActiveCfg = Debug|Any CPU
		{7F580FC4-22BF-4FA8-8EE7-B57421EAD50A}.Debug|Any CPU.Build.0 = Debug|Any CPU
		{7F580FC4-22BF-4FA8-8EE7-B57421EAD50A}.Release|Any CPU.ActiveCfg = Release|Any CPU
		{7F580FC4-22BF-4FA8-8EE7-B57421EAD50A}.Release|Any CPU.Build.0 = Release|Any CPU
		{D655FEFA-8728-4125-91C1-D02BEE3907FA}.Debug|Any CPU.ActiveCfg = Debug|Any CPU
		{D655FEFA-8728-4125-91C1-D02BEE3907FA}.Debug|Any CPU.Build.0 = Debug|Any CPU
		{D655FEFA-8728-4125-91C1-D02BEE3907FA}.Release|Any CPU.ActiveCfg = Release|Any CPU
		{D655FEFA-8728-4125-91C1-D02BEE3907FA}.Release|Any CPU.Build.0 = Release|Any CPU
		{3DC6A668-783B-4D14-A8B8-2FB1C718F78D}.Debug|Any CPU.ActiveCfg = Debug|Any CPU
		{3DC6A668-783B-4D14-A8B8-2FB1C718F78D}.Debug|Any CPU.Build.0 = Debug|Any CPU
		{3DC6A668-783B-4D14-A8B8-2FB1C718F78D}.Release|Any CPU.ActiveCfg = Release|Any CPU
		{3DC6A668-783B-4D14-A8B8-2FB1C718F78D}.Release|Any CPU.Build.0 = Release|Any CPU
	EndGlobalSection
	GlobalSection(SolutionProperties) = preSolution
		HideSolutionNode = FALSE
	EndGlobalSection
	GlobalSection(ExtensibilityGlobals) = postSolution
		SolutionGuid = {7347A35D-D569-4336-A045-ED5403A316AE}
	EndGlobalSection
EndGlobal
